{
  "R": {
    "Version": "4.2.2",
    "Repositories": [
      {
        "Name": "CRAN",
        "URL": "https://cran.rstudio.com"
      }
    ]
  },
  "Packages": {
    "cowsay": {
      "Package": "cowsay",
      "Version": "0.8.0",
      "Source": "Repository",
      "Repository": "CRAN",
      "Requirements": [
        "crayon",
        "fortunes",
        "rmsfact"
      ],
      "Hash": "3c5fdcb12517c29280e6e66f77f77803"
    },
    "crayon": {
      "Package": "crayon",
      "Version": "1.5.2",
      "Source": "Repository",
      "Repository": "CRAN",
      "Requirements": [
        "grDevices",
        "methods",
        "utils"
      ],
      "Hash": "e8a1e41acf02548751f45c718d55aa6a"
    },
    "fortunes": {
      "Package": "fortunes",
      "Version": "1.5-4",
      "Source": "Repository",
      "Repository": "CRAN",
      "Requirements": [
        "utils"
      ],
      "Hash": "d031a520bc2c989180c772dbc6851088"
    },
    "renv": {
      "Package": "renv",
      "Version": "0.17.0",
      "Source": "Repository",
      "Repository": "CRAN",
      "Requirements": [
        "utils"
      ],
      "Hash": "ce3065fc1a0b64a859f55ac3998d6927"
    },
    "rmsfact": {
      "Package": "rmsfact",
      "Version": "0.0.3",
      "Source": "Repository",
      "Repository": "CRAN",
      "Hash": "9e53733ec853fb8e5f2c74420c66e10b"
    }
  }
}
